{
  "version": 4,
  "terraform_version": "1.5.7",
  "serial": 7,
  "lineage": "f3a3c41f-53a2-ced6-ed2e-40ebf3ee3f06",
  "outputs": {
    "cluster_name": {
      "value": "hello-service-cluster",
      "type": "string"
    },
    "ecr_repository_url": {
      "value": "345551797185.dkr.ecr.us-east-1.amazonaws.com/hello-service-terraform",
      "type": "string"
    },
    "get_public_ip_command": {
      "value": "aws ecs list-tasks --cluster hello-service-cluster --service-name hello-service --query 'taskArns[0]' --output text | \\\nxargs -I {} aws ecs describe-tasks --cluster hello-service-cluster --tasks {} --query 'tasks[0].attachments[0].details[?name==`networkInterfaceId`].value' --output text | \\\nxargs -I {} aws ec2 describe-network-interfaces --network-interface-ids {} --query 'NetworkInterfaces[0].PublicIp' --output text\n",
      "type": "string"
    },
    "service_name": {
      "value": "hello-service",
      "type": "string"
    }
  },
  "resources": [
    {
      "mode": "data",
      "type": "aws_iam_role",
      "name": "lab_role",
      "provider": "provider[\"registry.terraform.io/hashicorp/aws\"]",
      "instances": [
        {
          "schema_version": 0,
          "attributes": {
            "arn": "arn:aws:iam::345551797185:role/LabRole",
            "assume_role_policy": "{\"Version\":\"2012-10-17\",\"Statement\":[{\"Effect\":\"Allow\",\"Principal\":{\"AWS\":\"arn:aws:iam::345551797185:role/LabRole\",\"Service\":[\"glue.amazonaws.com\",\"credentials.iot.amazonaws.com\",\"logs.amazonaws.com\",\"ec2.amazonaws.com\",\"eks.amazonaws.com\",\"sqs.amazonaws.com\",\"iotevents.amazonaws.com\",\"iot.amazonaws.com\",\"lambda.amazonaws.com\",\"codecommit.amazonaws.com\",\"cloudtrail.amazonaws.com\",\"ssm.amazonaws.com\",\"ecs.amazonaws.com\",\"rekognition.amazonaws.com\",\"kms.amazonaws.com\",\"application-autoscaling.amazonaws.com\",\"elasticfilesystem.amazonaws.com\",\"dynamodb.amazonaws.com\",\"ec2.application-autoscaling.amazonaws.com\",\"codedeploy.amazonaws.com\",\"elasticloadbalancing.amazonaws.com\",\"cloudformation.amazonaws.com\",\"sagemaker.amazonaws.com\",\"databrew.amazonaws.com\",\"secretsmanager.amazonaws.com\",\"iotanalytics.amazonaws.com\",\"redshift.amazonaws.com\",\"s3.amazonaws.com\",\"sns.amazonaws.com\",\"kinesis.amazonaws.com\",\"cognito-idp.amazonaws.com\",\"firehose.amazonaws.com\",\"apigateway.amazonaws.com\",\"forecast.amazonaws.com\",\"states.amazonaws.com\",\"deepracer.amazonaws.com\",\"kinesisanalytics.amazonaws.com\",\"eks-fargate-pods.amazonaws.com\",\"rds.amazonaws.com\",\"elasticmapreduce.amazonaws.com\",\"events.amazonaws.com\",\"athena.amazonaws.com\",\"codewhisperer.amazonaws.com\",\"elasticbeanstalk.amazonaws.com\",\"resource-groups.amazonaws.com\",\"servicecatalog.amazonaws.com\",\"backup.amazonaws.com\",\"pipes.amazonaws.com\",\"autoscaling.amazonaws.com\",\"cloud9.amazonaws.com\",\"batch.amazonaws.com\",\"ecs-tasks.amazonaws.com\",\"scheduler.amazonaws.com\"]},\"Action\":\"sts:AssumeRole\"}]}",
            "create_date": "2026-01-17T21:41:10Z",
            "description": "",
            "id": "LabRole",
            "max_session_duration": 3600,
            "name": "LabRole",
            "path": "/",
            "permissions_boundary": "",
            "role_last_used": [
              {
                "last_used_date": "2026-01-17T22:36:49Z",
                "region": "us-east-1"
              }
            ],
            "tags": {
              "cloudlab": "c194702a4998612l13506337t1w345551797185"
            },
            "unique_id": "AROAVA5D57PAWNEZKDYJ3"
          },
          "sensitive_attributes": []
        }
      ]
    },
    {
      "mode": "data",
      "type": "aws_subnets",
      "name": "default",
      "provider": "provider[\"registry.terraform.io/hashicorp/aws\"]",
      "instances": [
        {
          "schema_version": 0,
          "attributes": {
            "filter": [
              {
                "name": "vpc-id",
                "values": [
                  "vpc-0d969f7680bc33903"
                ]
              }
            ],
            "id": "us-east-1",
            "ids": [
              "subnet-0cc00d374af4e200c",
              "subnet-05edda8d1b295f4e7",
              "subnet-0a5a3933d7f7c2ebd",
              "subnet-05078419a930ded04",
              "subnet-0e9b5db8d907b8237",
              "subnet-0b5f40fadaf7c8b62"
            ],
            "tags": null,
            "timeouts": null
          },
          "sensitive_attributes": []
        }
      ]
    },
    {
      "mode": "data",
      "type": "aws_vpc",
      "name": "default",
      "provider": "provider[\"registry.terraform.io/hashicorp/aws\"]",
      "instances": [
        {
          "schema_version": 0,
          "attributes": {
            "arn": "arn:aws:ec2:us-east-1:345551797185:vpc/vpc-0d969f7680bc33903",
            "cidr_block": "172.31.0.0/16",
            "cidr_block_associations": [
              {
                "association_id": "vpc-cidr-assoc-01166a0eb8fe0a126",
                "cidr_block": "172.31.0.0/16",
                "state": "associated"
              }
            ],
            "default": true,
            "dhcp_options_id": "dopt-08c45760c431d2235",
            "enable_dns_hostnames": true,
            "enable_dns_support": true,
            "enable_network_address_usage_metrics": false,
            "filter": null,
            "id": "vpc-0d969f7680bc33903",
            "instance_tenancy": "default",
            "ipv6_association_id": "",
            "ipv6_cidr_block": "",
            "main_route_table_id": "rtb-0fd7c28d86cca57f3",
            "owner_id": "345551797185",
            "state": null,
            "tags": {},
            "timeouts": null
          },
          "sensitive_attributes": []
        }
      ]
    },
    {
      "mode": "managed",
      "type": "aws_cloudwatch_log_group",
      "name": "ecs_logs",
      "provider": "provider[\"registry.terraform.io/hashicorp/aws\"]",
      "instances": [
        {
          "schema_version": 0,
          "attributes": {
            "arn": "arn:aws:logs:us-east-1:345551797185:log-group:/ecs/hello-service",
            "id": "/ecs/hello-service",
            "kms_key_id": "",
            "log_group_class": "STANDARD",
            "name": "/ecs/hello-service",
            "name_prefix": "",
            "retention_in_days": 7,
            "skip_destroy": false,
            "tags": {
              "Environment": "dev",
              "Name": "hello-service-logs"
            },
            "tags_all": {
              "Environment": "dev",
              "Name": "hello-service-logs"
            }
          },
          "sensitive_attributes": [],
          "private": "bnVsbA=="
        }
      ]
    },
    {
      "mode": "managed",
      "type": "aws_ecr_repository",
      "name": "app_repo",
      "provider": "provider[\"registry.terraform.io/hashicorp/aws\"]",
      "instances": [
        {
          "schema_version": 0,
          "attributes": {
            "arn": "arn:aws:ecr:us-east-1:345551797185:repository/hello-service-terraform",
            "encryption_configuration": [
              {
                "encryption_type": "AES256",
                "kms_key": ""
              }
            ],
            "force_delete": null,
            "id": "hello-service-terraform",
            "image_scanning_configuration": [
              {
                "scan_on_push": false
              }
            ],
            "image_tag_mutability": "MUTABLE",
            "name": "hello-service-terraform",
            "registry_id": "345551797185",
            "repository_url": "345551797185.dkr.ecr.us-east-1.amazonaws.com/hello-service-terraform",
            "tags": {
              "Environment": "dev",
              "Name": "hello-service-terraform"
            },
            "tags_all": {
              "Environment": "dev",
              "Name": "hello-service-terraform"
            },
            "timeouts": null
          },
          "sensitive_attributes": [],
          "private": "eyJlMmJmYjczMC1lY2FhLTExZTYtOGY4OC0zNDM2M2JjN2M0YzAiOnsiZGVsZXRlIjoxMjAwMDAwMDAwMDAwfX0="
        }
      ]
    },
    {
      "mode": "managed",
      "type": "aws_ecs_cluster",
      "name": "main",
      "provider": "provider[\"registry.terraform.io/hashicorp/aws\"]",
      "instances": [
        {
          "schema_version": 0,
          "attributes": {
            "arn": "arn:aws:ecs:us-east-1:345551797185:cluster/hello-service-cluster",
            "configuration": [],
            "id": "arn:aws:ecs:us-east-1:345551797185:cluster/hello-service-cluster",
            "name": "hello-service-cluster",
            "service_connect_defaults": [],
            "setting": [
              {
                "name": "containerInsights",
                "value": "disabled"
              }
            ],
            "tags": {
              "Environment": "dev",
              "Name": "hello-service-cluster"
            },
            "tags_all": {
              "Environment": "dev",
              "Name": "hello-service-cluster"
            }
          },
          "sensitive_attributes": [],
          "private": "bnVsbA=="
        }
      ]
    },
    {
      "mode": "managed",
      "type": "aws_ecs_service",
      "name": "app",
      "provider": "provider[\"registry.terraform.io/hashicorp/aws\"]",
      "instances": [
        {
          "schema_version": 1,
          "attributes": {
            "alarms": [],
            "availability_zone_rebalancing": "DISABLED",
            "capacity_provider_strategy": [
              {
                "base": 0,
                "capacity_provider": "FARGATE",
                "weight": 0
              },
              {
                "base": 0,
                "capacity_provider": "FARGATE_SPOT",
                "weight": 100
              }
            ],
            "cluster": "arn:aws:ecs:us-east-1:345551797185:cluster/hello-service-cluster",
            "deployment_circuit_breaker": [
              {
                "enable": false,
                "rollback": false
              }
            ],
            "deployment_controller": [
              {
                "type": "ECS"
              }
            ],
            "deployment_maximum_percent": 200,
            "deployment_minimum_healthy_percent": 100,
            "desired_count": 1,
            "enable_ecs_managed_tags": false,
            "enable_execute_command": false,
            "force_delete": null,
            "force_new_deployment": null,
            "health_check_grace_period_seconds": 0,
            "iam_role": "/aws-service-role/ecs.amazonaws.com/AWSServiceRoleForECS",
            "id": "arn:aws:ecs:us-east-1:345551797185:service/hello-service-cluster/hello-service",
            "launch_type": "",
            "load_balancer": [],
            "name": "hello-service",
            "network_configuration": [
              {
                "assign_public_ip": true,
                "security_groups": [
                  "sg-0e5a5213f36b74e4c"
                ],
                "subnets": [
                  "subnet-05078419a930ded04",
                  "subnet-05edda8d1b295f4e7",
                  "subnet-0a5a3933d7f7c2ebd",
                  "subnet-0b5f40fadaf7c8b62",
                  "subnet-0cc00d374af4e200c",
                  "subnet-0e9b5db8d907b8237"
                ]
              }
            ],
            "ordered_placement_strategy": [],
            "placement_constraints": [],
            "platform_version": "LATEST",
            "propagate_tags": "NONE",
            "scheduling_strategy": "REPLICA",
            "service_connect_configuration": [],
            "service_registries": [],
            "tags": {
              "Environment": "dev",
              "Name": "hello-service"
            },
            "tags_all": {
              "Environment": "dev",
              "Name": "hello-service"
            },
            "task_definition": "arn:aws:ecs:us-east-1:345551797185:task-definition/hello-service-task:1",
            "timeouts": null,
            "triggers": {},
            "volume_configuration": [],
            "vpc_lattice_configurations": [],
            "wait_for_steady_state": false
          },
          "sensitive_attributes": [],
          "private": "eyJlMmJmYjczMC1lY2FhLTExZTYtOGY4OC0zNDM2M2JjN2M0YzAiOnsiY3JlYXRlIjoxMjAwMDAwMDAwMDAwLCJkZWxldGUiOjEyMDAwMDAwMDAwMDAsInVwZGF0ZSI6MTIwMDAwMDAwMDAwMH0sInNjaGVtYV92ZXJzaW9uIjoiMSJ9",
          "dependencies": [
            "aws_cloudwatch_log_group.ecs_logs",
            "aws_ecr_repository.app_repo",
            "aws_ecs_cluster.main",
            "aws_ecs_task_definition.app",
            "aws_security_group.ecs_service",
            "data.aws_iam_role.lab_role",
            "data.aws_subnets.default",
            "data.aws_vpc.default"
          ]
        }
      ]
    },
    {
      "mode": "managed",
      "type": "aws_ecs_task_definition",
      "name": "app",
      "provider": "provider[\"registry.terraform.io/hashicorp/aws\"]",
      "instances": [
        {
          "schema_version": 1,
          "attributes": {
            "arn": "arn:aws:ecs:us-east-1:345551797185:task-definition/hello-service-task:1",
            "arn_without_revision": "arn:aws:ecs:us-east-1:345551797185:task-definition/hello-service-task",
            "container_definitions": "[{\"environment\":[],\"essential\":true,\"image\":\"345551797185.dkr.ecr.us-east-1.amazonaws.com/hello-service-terraform:latest\",\"logConfiguration\":{\"logDriver\":\"awslogs\",\"options\":{\"awslogs-region\":\"us-east-1\",\"awslogs-stream-prefix\":\"ecs\",\"awslogs-group\":\"/ecs/hello-service\"}},\"mountPoints\":[],\"name\":\"hello-service-container\",\"portMappings\":[{\"containerPort\":8080,\"hostPort\":8080,\"protocol\":\"tcp\"}],\"systemControls\":[],\"volumesFrom\":[]}]",
            "cpu": "256",
            "enable_fault_injection": false,
            "ephemeral_storage": [],
            "execution_role_arn": "arn:aws:iam::345551797185:role/LabRole",
            "family": "hello-service-task",
            "id": "hello-service-task",
            "inference_accelerator": [],
            "ipc_mode": "",
            "memory": "512",
            "network_mode": "awsvpc",
            "pid_mode": "",
            "placement_constraints": [],
            "proxy_configuration": [],
            "requires_compatibilities": [
              "FARGATE"
            ],
            "revision": 1,
            "runtime_platform": [],
            "skip_destroy": false,
            "tags": {
              "Environment": "dev",
              "Name": "hello-service-task"
            },
            "tags_all": {
              "Environment": "dev",
              "Name": "hello-service-task"
            },
            "task_role_arn": "arn:aws:iam::345551797185:role/LabRole",
            "track_latest": false,
            "volume": []
          },
          "sensitive_attributes": [],
          "private": "eyJzY2hlbWFfdmVyc2lvbiI6IjEifQ==",
          "dependencies": [
            "aws_cloudwatch_log_group.ecs_logs",
            "aws_ecr_repository.app_repo",
            "data.aws_iam_role.lab_role"
          ]
        }
      ]
    },
    {
      "mode": "managed",
      "type": "aws_security_group",
      "name": "ecs_service",
      "provider": "provider[\"registry.terraform.io/hashicorp/aws\"]",
      "instances": [
        {
          "schema_version": 1,
          "attributes": {
            "arn": "arn:aws:ec2:us-east-1:345551797185:security-group/sg-0e5a5213f36b74e4c",
            "description": "Security group for hello-service ECS service",
            "egress": [
              {
                "cidr_blocks": [
                  "0.0.0.0/0"
                ],
                "description": "Allow all outbound traffic",
                "from_port": 0,
                "ipv6_cidr_blocks": [],
                "prefix_list_ids": [],
                "protocol": "-1",
                "security_groups": [],
                "self": false,
                "to_port": 0
              }
            ],
            "id": "sg-0e5a5213f36b74e4c",
            "ingress": [
              {
                "cidr_blocks": [
                  "0.0.0.0/0"
                ],
                "description": "Allow inbound traffic on container port",
                "from_port": 8080,
                "ipv6_cidr_blocks": [],
                "prefix_list_ids": [],
                "protocol": "tcp",
                "security_groups": [],
                "self": false,
                "to_port": 8080
              }
            ],
            "name": "hello-service-tf-sg",
            "name_prefix": "",
            "owner_id": "345551797185",
            "revoke_rules_on_delete": false,
            "tags": {
              "Environment": "dev",
              "Name": "hello-service-tf-sg"
            },
            "tags_all": {
              "Environment": "dev",
              "Name": "hello-service-tf-sg"
            },
            "timeouts": null,
            "vpc_id": "vpc-0d969f7680bc33903"
          },
          "sensitive_attributes": [],
          "private": "eyJlMmJmYjczMC1lY2FhLTExZTYtOGY4OC0zNDM2M2JjN2M0YzAiOnsiY3JlYXRlIjo2MDAwMDAwMDAwMDAsImRlbGV0ZSI6OTAwMDAwMDAwMDAwfSwic2NoZW1hX3ZlcnNpb24iOiIxIn0=",
          "dependencies": [
            "data.aws_vpc.default"
          ]
        }
      ]
    }
  ],
  "check_results": null
}
